
Microsoft Visual Studio Solution File, Format Version 12.00
# Visual Studio 15
VisualStudioVersion = 15.0.26124.0
MinimumVisualStudioVersion = 15.0.26124.0
Project("{2150E333-8FDC-42A3-9474-1A3956D46DE8}") = "Shared", "Shared", "{C7E4A122-3EA5-4366-B1C2-2246440A59DD}"
EndProject
Project("{FAE04EC0-301F-11D3-BF4B-00C04F79EFBC}") = "MBC.RecipeShopper.Shared.Application", "Shared\Application\MBC.RecipeShopper.Shared.Application.csproj", "{C0B042B5-00FB-4DBC-B5E0-7E217EA9F695}"
EndProject
Project("{FAE04EC0-301F-11D3-BF4B-00C04F79EFBC}") = "MBC.RecipeShopper.Shared.Domain", "Shared\Domain\MBC.RecipeShopper.Shared.Domain.csproj", "{67D64054-4386-4193-99B5-D665F887684F}"
EndProject
Project("{FAE04EC0-301F-11D3-BF4B-00C04F79EFBC}") = "MBC.RecipeShopper.Shared.Infra.Data", "Shared\Infra.Data\MBC.RecipeShopper.Shared.Infra.Data.csproj", "{8D263434-855D-4D0F-9D73-F21E85C337BE}"
EndProject
Project("{FAE04EC0-301F-11D3-BF4B-00C04F79EFBC}") = "MBC.RecipeShopper.Shared.Infra", "Shared\Infra\MBC.RecipeShopper.Shared.Infra.csproj", "{A044BAD2-3A6D-449C-9FF3-BA20CCB1BE26}"
EndProject
Project("{FAE04EC0-301F-11D3-BF4B-00C04F79EFBC}") = "MBC.RecipeShopper.Shared.Settings", "Shared\Settings\MBC.RecipeShopper.Shared.Settings.csproj", "{810E1C8B-2472-44AA-89A5-09BFB767FBCD}"
EndProject
Project("{2150E333-8FDC-42A3-9474-1A3956D46DE8}") = "Dbo", "Dbo", "{7F43FBA2-7DA9-4F49-B8D4-9BEDB1F105BC}"
EndProject
Project("{FAE04EC0-301F-11D3-BF4B-00C04F79EFBC}") = "MBC.RecipeShopper.Dbo.Application", "Dbo\Application\MBC.RecipeShopper.Dbo.Application.csproj", "{E2CBABF5-87FD-4B0C-AB4A-EAC2452CB378}"
EndProject
Project("{FAE04EC0-301F-11D3-BF4B-00C04F79EFBC}") = "MBC.RecipeShopper.Dbo.Domain", "Dbo\Domain\MBC.RecipeShopper.Dbo.Domain.csproj", "{A59C6E21-EAB2-42CA-A1CD-7E36B62B8211}"
EndProject
Project("{2150E333-8FDC-42A3-9474-1A3956D46DE8}") = "Infra", "Infra", "{D6B7FDE2-5EB6-4DFD-BF13-615ABB87F91C}"
EndProject
Project("{FAE04EC0-301F-11D3-BF4B-00C04F79EFBC}") = "MBC.RecipeShopper.Dbo.Infra.CrossCutting.IoC", "Dbo\Infra\CrossCutting.IoC\MBC.RecipeShopper.Dbo.Infra.CrossCutting.IoC.csproj", "{F266D37A-163E-48E2-9125-64D46890701C}"
EndProject
Project("{FAE04EC0-301F-11D3-BF4B-00C04F79EFBC}") = "MBC.RecipeShopper.Dbo.Infra.Data", "Dbo\Infra\Data\MBC.RecipeShopper.Dbo.Infra.Data.csproj", "{8E5D887C-CA57-4A8F-AE8C-DD525A688FE6}"
EndProject
Project("{FAE04EC0-301F-11D3-BF4B-00C04F79EFBC}") = "MBC.RecipeShopper.Dbo.Tests", "Dbo\Tests\MBC.RecipeShopper.Dbo.Tests.csproj", "{1D965384-3957-4190-8496-6D4B92ABBA54}"
EndProject
Global
	GlobalSection(SolutionConfigurationPlatforms) = preSolution
		Debug|Any CPU = Debug|Any CPU
		Debug|x64 = Debug|x64
		Debug|x86 = Debug|x86
		Release|Any CPU = Release|Any CPU
		Release|x64 = Release|x64
		Release|x86 = Release|x86
	EndGlobalSection
	GlobalSection(SolutionProperties) = preSolution
		HideSolutionNode = FALSE
	EndGlobalSection
	GlobalSection(ProjectConfigurationPlatforms) = postSolution
		{C0B042B5-00FB-4DBC-B5E0-7E217EA9F695}.Debug|Any CPU.ActiveCfg = Debug|Any CPU
		{C0B042B5-00FB-4DBC-B5E0-7E217EA9F695}.Debug|Any CPU.Build.0 = Debug|Any CPU
		{C0B042B5-00FB-4DBC-B5E0-7E217EA9F695}.Debug|x64.ActiveCfg = Debug|Any CPU
		{C0B042B5-00FB-4DBC-B5E0-7E217EA9F695}.Debug|x64.Build.0 = Debug|Any CPU
		{C0B042B5-00FB-4DBC-B5E0-7E217EA9F695}.Debug|x86.ActiveCfg = Debug|Any CPU
		{C0B042B5-00FB-4DBC-B5E0-7E217EA9F695}.Debug|x86.Build.0 = Debug|Any CPU
		{C0B042B5-00FB-4DBC-B5E0-7E217EA9F695}.Release|Any CPU.ActiveCfg = Release|Any CPU
		{C0B042B5-00FB-4DBC-B5E0-7E217EA9F695}.Release|Any CPU.Build.0 = Release|Any CPU
		{C0B042B5-00FB-4DBC-B5E0-7E217EA9F695}.Release|x64.ActiveCfg = Release|Any CPU
		{C0B042B5-00FB-4DBC-B5E0-7E217EA9F695}.Release|x64.Build.0 = Release|Any CPU
		{C0B042B5-00FB-4DBC-B5E0-7E217EA9F695}.Release|x86.ActiveCfg = Release|Any CPU
		{C0B042B5-00FB-4DBC-B5E0-7E217EA9F695}.Release|x86.Build.0 = Release|Any CPU
		{67D64054-4386-4193-99B5-D665F887684F}.Debug|Any CPU.ActiveCfg = Debug|Any CPU
		{67D64054-4386-4193-99B5-D665F887684F}.Debug|Any CPU.Build.0 = Debug|Any CPU
		{67D64054-4386-4193-99B5-D665F887684F}.Debug|x64.ActiveCfg = Debug|Any CPU
		{67D64054-4386-4193-99B5-D665F887684F}.Debug|x64.Build.0 = Debug|Any CPU
		{67D64054-4386-4193-99B5-D665F887684F}.Debug|x86.ActiveCfg = Debug|Any CPU
		{67D64054-4386-4193-99B5-D665F887684F}.Debug|x86.Build.0 = Debug|Any CPU
		{67D64054-4386-4193-99B5-D665F887684F}.Release|Any CPU.ActiveCfg = Release|Any CPU
		{67D64054-4386-4193-99B5-D665F887684F}.Release|Any CPU.Build.0 = Release|Any CPU
		{67D64054-4386-4193-99B5-D665F887684F}.Release|x64.ActiveCfg = Release|Any CPU
		{67D64054-4386-4193-99B5-D665F887684F}.Release|x64.Build.0 = Release|Any CPU
		{67D64054-4386-4193-99B5-D665F887684F}.Release|x86.ActiveCfg = Release|Any CPU
		{67D64054-4386-4193-99B5-D665F887684F}.Release|x86.Build.0 = Release|Any CPU
		{8D263434-855D-4D0F-9D73-F21E85C337BE}.Debug|Any CPU.ActiveCfg = Debug|Any CPU
		{8D263434-855D-4D0F-9D73-F21E85C337BE}.Debug|Any CPU.Build.0 = Debug|Any CPU
		{8D263434-855D-4D0F-9D73-F21E85C337BE}.Debug|x64.ActiveCfg = Debug|Any CPU
		{8D263434-855D-4D0F-9D73-F21E85C337BE}.Debug|x64.Build.0 = Debug|Any CPU
		{8D263434-855D-4D0F-9D73-F21E85C337BE}.Debug|x86.ActiveCfg = Debug|Any CPU
		{8D263434-855D-4D0F-9D73-F21E85C337BE}.Debug|x86.Build.0 = Debug|Any CPU
		{8D263434-855D-4D0F-9D73-F21E85C337BE}.Release|Any CPU.ActiveCfg = Release|Any CPU
		{8D263434-855D-4D0F-9D73-F21E85C337BE}.Release|Any CPU.Build.0 = Release|Any CPU
		{8D263434-855D-4D0F-9D73-F21E85C337BE}.Release|x64.ActiveCfg = Release|Any CPU
		{8D263434-855D-4D0F-9D73-F21E85C337BE}.Release|x64.Build.0 = Release|Any CPU
		{8D263434-855D-4D0F-9D73-F21E85C337BE}.Release|x86.ActiveCfg = Release|Any CPU
		{8D263434-855D-4D0F-9D73-F21E85C337BE}.Release|x86.Build.0 = Release|Any CPU
		{A044BAD2-3A6D-449C-9FF3-BA20CCB1BE26}.Debug|Any CPU.ActiveCfg = Debug|Any CPU
		{A044BAD2-3A6D-449C-9FF3-BA20CCB1BE26}.Debug|Any CPU.Build.0 = Debug|Any CPU
		{A044BAD2-3A6D-449C-9FF3-BA20CCB1BE26}.Debug|x64.ActiveCfg = Debug|Any CPU
		{A044BAD2-3A6D-449C-9FF3-BA20CCB1BE26}.Debug|x64.Build.0 = Debug|Any CPU
		{A044BAD2-3A6D-449C-9FF3-BA20CCB1BE26}.Debug|x86.ActiveCfg = Debug|Any CPU
		{A044BAD2-3A6D-449C-9FF3-BA20CCB1BE26}.Debug|x86.Build.0 = Debug|Any CPU
		{A044BAD2-3A6D-449C-9FF3-BA20CCB1BE26}.Release|Any CPU.ActiveCfg = Release|Any CPU
		{A044BAD2-3A6D-449C-9FF3-BA20CCB1BE26}.Release|Any CPU.Build.0 = Release|Any CPU
		{A044BAD2-3A6D-449C-9FF3-BA20CCB1BE26}.Release|x64.ActiveCfg = Release|Any CPU
		{A044BAD2-3A6D-449C-9FF3-BA20CCB1BE26}.Release|x64.Build.0 = Release|Any CPU
		{A044BAD2-3A6D-449C-9FF3-BA20CCB1BE26}.Release|x86.ActiveCfg = Release|Any CPU
		{A044BAD2-3A6D-449C-9FF3-BA20CCB1BE26}.Release|x86.Build.0 = Release|Any CPU
		{810E1C8B-2472-44AA-89A5-09BFB767FBCD}.Debug|Any CPU.ActiveCfg = Debug|Any CPU
		{810E1C8B-2472-44AA-89A5-09BFB767FBCD}.Debug|Any CPU.Build.0 = Debug|Any CPU
		{810E1C8B-2472-44AA-89A5-09BFB767FBCD}.Debug|x64.ActiveCfg = Debug|Any CPU
		{810E1C8B-2472-44AA-89A5-09BFB767FBCD}.Debug|x64.Build.0 = Debug|Any CPU
		{810E1C8B-2472-44AA-89A5-09BFB767FBCD}.Debug|x86.ActiveCfg = Debug|Any CPU
		{810E1C8B-2472-44AA-89A5-09BFB767FBCD}.Debug|x86.Build.0 = Debug|Any CPU
		{810E1C8B-2472-44AA-89A5-09BFB767FBCD}.Release|Any CPU.ActiveCfg = Release|Any CPU
		{810E1C8B-2472-44AA-89A5-09BFB767FBCD}.Release|Any CPU.Build.0 = Release|Any CPU
		{810E1C8B-2472-44AA-89A5-09BFB767FBCD}.Release|x64.ActiveCfg = Release|Any CPU
		{810E1C8B-2472-44AA-89A5-09BFB767FBCD}.Release|x64.Build.0 = Release|Any CPU
		{810E1C8B-2472-44AA-89A5-09BFB767FBCD}.Release|x86.ActiveCfg = Release|Any CPU
		{810E1C8B-2472-44AA-89A5-09BFB767FBCD}.Release|x86.Build.0 = Release|Any CPU
		{E2CBABF5-87FD-4B0C-AB4A-EAC2452CB378}.Debug|Any CPU.ActiveCfg = Debug|Any CPU
		{E2CBABF5-87FD-4B0C-AB4A-EAC2452CB378}.Debug|Any CPU.Build.0 = Debug|Any CPU
		{E2CBABF5-87FD-4B0C-AB4A-EAC2452CB378}.Debug|x64.ActiveCfg = Debug|Any CPU
		{E2CBABF5-87FD-4B0C-AB4A-EAC2452CB378}.Debug|x64.Build.0 = Debug|Any CPU
		{E2CBABF5-87FD-4B0C-AB4A-EAC2452CB378}.Debug|x86.ActiveCfg = Debug|Any CPU
		{E2CBABF5-87FD-4B0C-AB4A-EAC2452CB378}.Debug|x86.Build.0 = Debug|Any CPU
		{E2CBABF5-87FD-4B0C-AB4A-EAC2452CB378}.Release|Any CPU.ActiveCfg = Release|Any CPU
		{E2CBABF5-87FD-4B0C-AB4A-EAC2452CB378}.Release|Any CPU.Build.0 = Release|Any CPU
		{E2CBABF5-87FD-4B0C-AB4A-EAC2452CB378}.Release|x64.ActiveCfg = Release|Any CPU
		{E2CBABF5-87FD-4B0C-AB4A-EAC2452CB378}.Release|x64.Build.0 = Release|Any CPU
		{E2CBABF5-87FD-4B0C-AB4A-EAC2452CB378}.Release|x86.ActiveCfg = Release|Any CPU
		{E2CBABF5-87FD-4B0C-AB4A-EAC2452CB378}.Release|x86.Build.0 = Release|Any CPU
		{A59C6E21-EAB2-42CA-A1CD-7E36B62B8211}.Debug|Any CPU.ActiveCfg = Debug|Any CPU
		{A59C6E21-EAB2-42CA-A1CD-7E36B62B8211}.Debug|Any CPU.Build.0 = Debug|Any CPU
		{A59C6E21-EAB2-42CA-A1CD-7E36B62B8211}.Debug|x64.ActiveCfg = Debug|Any CPU
		{A59C6E21-EAB2-42CA-A1CD-7E36B62B8211}.Debug|x64.Build.0 = Debug|Any CPU
		{A59C6E21-EAB2-42CA-A1CD-7E36B62B8211}.Debug|x86.ActiveCfg = Debug|Any CPU
		{A59C6E21-EAB2-42CA-A1CD-7E36B62B8211}.Debug|x86.Build.0 = Debug|Any CPU
		{A59C6E21-EAB2-42CA-A1CD-7E36B62B8211}.Release|Any CPU.ActiveCfg = Release|Any CPU
		{A59C6E21-EAB2-42CA-A1CD-7E36B62B8211}.Release|Any CPU.Build.0 = Release|Any CPU
		{A59C6E21-EAB2-42CA-A1CD-7E36B62B8211}.Release|x64.ActiveCfg = Release|Any CPU
		{A59C6E21-EAB2-42CA-A1CD-7E36B62B8211}.Release|x64.Build.0 = Release|Any CPU
		{A59C6E21-EAB2-42CA-A1CD-7E36B62B8211}.Release|x86.ActiveCfg = Release|Any CPU
		{A59C6E21-EAB2-42CA-A1CD-7E36B62B8211}.Release|x86.Build.0 = Release|Any CPU
		{F266D37A-163E-48E2-9125-64D46890701C}.Debug|Any CPU.ActiveCfg = Debug|Any CPU
		{F266D37A-163E-48E2-9125-64D46890701C}.Debug|Any CPU.Build.0 = Debug|Any CPU
		{F266D37A-163E-48E2-9125-64D46890701C}.Debug|x64.ActiveCfg = Debug|Any CPU
		{F266D37A-163E-48E2-9125-64D46890701C}.Debug|x64.Build.0 = Debug|Any CPU
		{F266D37A-163E-48E2-9125-64D46890701C}.Debug|x86.ActiveCfg = Debug|Any CPU
		{F266D37A-163E-48E2-9125-64D46890701C}.Debug|x86.Build.0 = Debug|Any CPU
		{F266D37A-163E-48E2-9125-64D46890701C}.Release|Any CPU.ActiveCfg = Release|Any CPU
		{F266D37A-163E-48E2-9125-64D46890701C}.Release|Any CPU.Build.0 = Release|Any CPU
		{F266D37A-163E-48E2-9125-64D46890701C}.Release|x64.ActiveCfg = Release|Any CPU
		{F266D37A-163E-48E2-9125-64D46890701C}.Release|x64.Build.0 = Release|Any CPU
		{F266D37A-163E-48E2-9125-64D46890701C}.Release|x86.ActiveCfg = Release|Any CPU
		{F266D37A-163E-48E2-9125-64D46890701C}.Release|x86.Build.0 = Release|Any CPU
		{8E5D887C-CA57-4A8F-AE8C-DD525A688FE6}.Debug|Any CPU.ActiveCfg = Debug|Any CPU
		{8E5D887C-CA57-4A8F-AE8C-DD525A688FE6}.Debug|Any CPU.Build.0 = Debug|Any CPU
		{8E5D887C-CA57-4A8F-AE8C-DD525A688FE6}.Debug|x64.ActiveCfg = Debug|Any CPU
		{8E5D887C-CA57-4A8F-AE8C-DD525A688FE6}.Debug|x64.Build.0 = Debug|Any CPU
		{8E5D887C-CA57-4A8F-AE8C-DD525A688FE6}.Debug|x86.ActiveCfg = Debug|Any CPU
		{8E5D887C-CA57-4A8F-AE8C-DD525A688FE6}.Debug|x86.Build.0 = Debug|Any CPU
		{8E5D887C-CA57-4A8F-AE8C-DD525A688FE6}.Release|Any CPU.ActiveCfg = Release|Any CPU
		{8E5D887C-CA57-4A8F-AE8C-DD525A688FE6}.Release|Any CPU.Build.0 = Release|Any CPU
		{8E5D887C-CA57-4A8F-AE8C-DD525A688FE6}.Release|x64.ActiveCfg = Release|Any CPU
		{8E5D887C-CA57-4A8F-AE8C-DD525A688FE6}.Release|x64.Build.0 = Release|Any CPU
		{8E5D887C-CA57-4A8F-AE8C-DD525A688FE6}.Release|x86.ActiveCfg = Release|Any CPU
		{8E5D887C-CA57-4A8F-AE8C-DD525A688FE6}.Release|x86.Build.0 = Release|Any CPU
		{1D965384-3957-4190-8496-6D4B92ABBA54}.Debug|Any CPU.ActiveCfg = Debug|Any CPU
		{1D965384-3957-4190-8496-6D4B92ABBA54}.Debug|Any CPU.Build.0 = Debug|Any CPU
		{1D965384-3957-4190-8496-6D4B92ABBA54}.Debug|x64.ActiveCfg = Debug|Any CPU
		{1D965384-3957-4190-8496-6D4B92ABBA54}.Debug|x64.Build.0 = Debug|Any CPU
		{1D965384-3957-4190-8496-6D4B92ABBA54}.Debug|x86.ActiveCfg = Debug|Any CPU
		{1D965384-3957-4190-8496-6D4B92ABBA54}.Debug|x86.Build.0 = Debug|Any CPU
		{1D965384-3957-4190-8496-6D4B92ABBA54}.Release|Any CPU.ActiveCfg = Release|Any CPU
		{1D965384-3957-4190-8496-6D4B92ABBA54}.Release|Any CPU.Build.0 = Release|Any CPU
		{1D965384-3957-4190-8496-6D4B92ABBA54}.Release|x64.ActiveCfg = Release|Any CPU
		{1D965384-3957-4190-8496-6D4B92ABBA54}.Release|x64.Build.0 = Release|Any CPU
		{1D965384-3957-4190-8496-6D4B92ABBA54}.Release|x86.ActiveCfg = Release|Any CPU
		{1D965384-3957-4190-8496-6D4B92ABBA54}.Release|x86.Build.0 = Release|Any CPU
	EndGlobalSection
	GlobalSection(NestedProjects) = preSolution
		{C0B042B5-00FB-4DBC-B5E0-7E217EA9F695} = {C7E4A122-3EA5-4366-B1C2-2246440A59DD}
		{67D64054-4386-4193-99B5-D665F887684F} = {C7E4A122-3EA5-4366-B1C2-2246440A59DD}
		{8D263434-855D-4D0F-9D73-F21E85C337BE} = {C7E4A122-3EA5-4366-B1C2-2246440A59DD}
		{A044BAD2-3A6D-449C-9FF3-BA20CCB1BE26} = {C7E4A122-3EA5-4366-B1C2-2246440A59DD}
		{810E1C8B-2472-44AA-89A5-09BFB767FBCD} = {C7E4A122-3EA5-4366-B1C2-2246440A59DD}
		{E2CBABF5-87FD-4B0C-AB4A-EAC2452CB378} = {7F43FBA2-7DA9-4F49-B8D4-9BEDB1F105BC}
		{A59C6E21-EAB2-42CA-A1CD-7E36B62B8211} = {7F43FBA2-7DA9-4F49-B8D4-9BEDB1F105BC}
		{D6B7FDE2-5EB6-4DFD-BF13-615ABB87F91C} = {7F43FBA2-7DA9-4F49-B8D4-9BEDB1F105BC}
		{F266D37A-163E-48E2-9125-64D46890701C} = {D6B7FDE2-5EB6-4DFD-BF13-615ABB87F91C}
		{8E5D887C-CA57-4A8F-AE8C-DD525A688FE6} = {D6B7FDE2-5EB6-4DFD-BF13-615ABB87F91C}
		{1D965384-3957-4190-8496-6D4B92ABBA54} = {7F43FBA2-7DA9-4F49-B8D4-9BEDB1F105BC}
	EndGlobalSection
EndGlobal
